{
  "sha256": "a80d8c8dd4580d680a48137183ce083c533c3957f5acdc3785886e8bc39c3160",
  "amendments": 10,
  "amendment_hashes": [
    "67a6452abd173d92b7f125d6ba354f8e456e595b47fda2e6b1a5218112b18532",
    "0856ce792f00c70f4b5d1238cb6cf24fd7e09637672fb96be2aeb47efdc9d5d9",
    "5be21f0bc3ab58a46a1b00affe63a2a25c9c919bf2b8237f8a609443b6007929",
    "3ba46fe2288182e73cf93439160ee89a602f7123a980c89b6fd33cc4b1adc375",
    "5a49b324ba532d7b155f399fbbaa92372618c161b2c3265e77dd30aad21c047c",
    "8390341690d8e895a1305239b88616f6c5d6c2d150ed5faf06eec7a6f6dc27e6",
    "f8a2e6986d23bc9046ad80b0796aa7cc8f12af5feef2a383fd18beb2ff4a35f7",
    "97362d6f301efc97c9c17d32bef4f7f0c216305fdae42127689c244aba83ea6d",
    "a1321f98a445762fd084226482cf8cea30f8c2c78a794140b64a06ab153af0df",
    "c6161b227423af8cdea57d6dc126ab023d5434f0e1b1139d756172f6b02a8cf4"
  ],
  "note": "re-locked at amendment A10"
}
