{
  "sha256": "219bd71f69f66ed3b9e04de93a8634855cdb0454f54084010a61ad2446d200e6",
  "amendments": 20,
  "amendment_hashes": [
    "fa389e9ccd3a5328d51896894235a905ea04d26746a9a3d380e53d5f4cc2d6ec",
    "7483642652f406947973b8732f4c95320503fe7fb35d675685044d4a6523d5e2",
    "6e858f4c29ee2ba08ba83d7d3c2ab99cdd57226e7fe8c4c488c5964a1c6a13ae",
    "c7779dde3c85c67d11e34a41f5b33099fe60faa535d3da046852262143fb4bef",
    "62fedf816c1cc90e1386fabc35ceefd1ce64d9bb9341aa6b8c09aa674e5d50d1",
    "345e2b25721e0cd22be90046ff0e786665f17283e1c3049a44201916237838a7",
    "07628e0a3532c990bcac2105148f7b028fb2a4f89977e3064cee4e6feda73151",
    "192ed7f97b6cb889f65ac31e8e5707af133b75698867e1d11e293a21561ce910",
    "d793b108576b174495ccca86526dd7ce935a2ffe1ced134bda0a4ff7c1a02878",
    "7eed2fff32461eafc5a45c8e4a5061a85a4a5b5918031d5aaee12d69b00ebe92",
    "e9dd3b855a30b711cc7646230087fcb620546176c08d93dc2958599ee4a3dc1c",
    "69922c2349e122555de1467cd9722ed0d708136dea60fe9bbd3f60e87496454c",
    "332957c40dcca9b906e8ace7f803cffda0e07a686cb58aed72591dadf07fc27a",
    "1618426f55896b31f5d6b7d4e0eb9cd1adc2aa1f2a43085d8383790faa1f06ac",
    "205b76e6da12ff1da167ed97093f8a7c0340dd9990697473aef956053749abbf",
    "003eaaf1b65099a66185dec0cb4b574de59869948354994612ffa3274b28730b",
    "c2b0b14d34fb39f39e86502f17ab0489e2841477fd80815e3484cba67274cb25",
    "841288c4413a2d778042b295705b9e744d4188ff3fb7c5b8c070037d5117fb3d",
    "fd42a4847b11a5c6fa753acc789a671d6a2680419c81927fb8ab29a8c2c7bb68",
    "474e8ea978a2e2feb29417547baabc76b109d89d7854b41cb18ec78bdfb27a50"
  ],
  "note": "re-locked at amendment A20"
}
